<?xml version="1.0" encoding="utf-8"?>
<Project ToolsVersion="4.0" xmlns="http://schemas.microsoft.com/developer/msbuild/2003">
  <ItemGroup>
    <Filter Include="Source Files">
      <UniqueIdentifier>{4FC737F1-C7A5-4376-A066-2A32D752A2FF}</UniqueIdentifier>
      <Extensions>cpp;c;cc;cxx;c++;cppm;ixx;def;odl;idl;hpj;bat;asm;asmx</Extensions>
    </Filter>
    <Filter Include="Header Files">
      <UniqueIdentifier>{93995380-89BD-4b04-88EB-625FBE52EBFB}</UniqueIdentifier>
      <Extensions>h;hh;hpp;hxx;h++;hm;inl;inc;ipp;xsd</Extensions>
    </Filter>
    <Filter Include="Resource Files">
      <UniqueIdentifier>{67DA6AB6-F800-4c08-8B7A-83BB121AAD01}</UniqueIdentifier>
      <Extensions>rc;ico;cur;bmp;dlg;rc2;rct;bin;rgs;gif;jpg;jpeg;jpe;resx;tiff;tif;png;wav;mfcribbon-ms</Extensions>
    </Filter>
    <Filter Include="Source Files\EnemyAI">
      <UniqueIdentifier>{17707dfd-b31d-4eaa-9ea0-16ae0895b0f2}</UniqueIdentifier>
    </Filter>
    <Filter Include="Source Files\Player">
      <UniqueIdentifier>{491d3fea-b65e-4b79-9275-1c82cd5e4bef}</UniqueIdentifier>
    </Filter>
    <Filter Include="Header Files\Player">
      <UniqueIdentifier>{0df826df-88f2-493f-b115-23dfdddec210}</UniqueIdentifier>
    </Filter>
    <Filter Include="Header Files\EnemyAI">
      <UniqueIdentifier>{4d25f7bd-677a-426f-8f60-b0abfb32c735}</UniqueIdentifier>
    </Filter>
  </ItemGroup>
  <ItemGroup>
    <ClCompile Include="main.cpp">
      <Filter>Source Files</Filter>
    </ClCompile>
    <ClCompile Include="Game.cpp">
      <Filter>Source Files</Filter>
    </ClCompile>
    <ClCompile Include="Utility.cpp">
      <Filter>Source Files</Filter>
    </ClCompile>
    <ClCompile Include="AI.cpp">
      <Filter>Source Files\EnemyAI</Filter>
    </ClCompile>
    <ClCompile Include="PursueAI.cpp">
      <Filter>Source Files\EnemyAI</Filter>
    </ClCompile>
    <ClCompile Include="Player.cpp">
      <Filter>Source Files\Player</Filter>
    </ClCompile>
    <ClCompile Include="VisionCone.cpp">
      <Filter>Source Files</Filter>
    </ClCompile>
    <ClCompile Include="WanderAI.cpp">
      <Filter>Source Files\EnemyAI</Filter>
    </ClCompile>
    <ClCompile Include="SeekAI.cpp">
      <Filter>Source Files</Filter>
    </ClCompile>
    <ClCompile Include="Arrive.cpp">
      <Filter>Source Files</Filter>
    </ClCompile>
  </ItemGroup>
  <ItemGroup>
    <ClInclude Include="Game.h">
      <Filter>Header Files</Filter>
    </ClInclude>
    <ClInclude Include="Constants.h">
      <Filter>Header Files</Filter>
    </ClInclude>
    <ClInclude Include="Utility.h">
      <Filter>Header Files</Filter>
    </ClInclude>
    <ClInclude Include="AI.h">
      <Filter>Header Files\EnemyAI</Filter>
    </ClInclude>
    <ClInclude Include="Player.h">
      <Filter>Header Files\Player</Filter>
    </ClInclude>
    <ClInclude Include="PursueAI.h">
      <Filter>Header Files\EnemyAI</Filter>
    </ClInclude>
    <ClInclude Include="VisionCone.h">
      <Filter>Header Files</Filter>
    </ClInclude>
    <ClInclude Include="WanderAI.h">
      <Filter>Header Files\EnemyAI</Filter>
    </ClInclude>
    <ClInclude Include="SeekAI.h">
      <Filter>Header Files</Filter>
    </ClInclude>
    <ClInclude Include="Arrive.h">
      <Filter>Header Files</Filter>
    </ClInclude>
  </ItemGroup>
</Project>